
Microsoft Visual Studio Solution File, Format Version 12.00
# Visual Studio 15
VisualStudioVersion = 15.0.27428.2015
MinimumVisualStudioVersion = 10.0.40219.1
Project("{F2A71F9B-5D33-465A-A702-920D77279786}") = "Chapter04", "Chapter04\Chapter04.fsproj", "{30B3AF9A-9E2B-4E25-AEE2-935B1A2C5C1D}"
EndProject
Global
	GlobalSection(SolutionConfigurationPlatforms) = preSolution
		Debug|Any CPU = Debug|Any CPU
		Release|Any CPU = Release|Any CPU
	EndGlobalSection
	GlobalSection(ProjectConfigurationPlatforms) = postSolution
		{30B3AF9A-9E2B-4E25-AEE2-935B1A2C5C1D}.Debug|Any CPU.ActiveCfg = Debug|Any CPU
		{30B3AF9A-9E2B-4E25-AEE2-935B1A2C5C1D}.Debug|Any CPU.Build.0 = Debug|Any CPU
		{30B3AF9A-9E2B-4E25-AEE2-935B1A2C5C1D}.Release|Any CPU.ActiveCfg = Release|Any CPU
		{30B3AF9A-9E2B-4E25-AEE2-935B1A2C5C1D}.Release|Any CPU.Build.0 = Release|Any CPU
	EndGlobalSection
	GlobalSection(SolutionProperties) = preSolution
		HideSolutionNode = FALSE
	EndGlobalSection
	GlobalSection(ExtensibilityGlobals) = postSolution
		SolutionGuid = {5A558BC7-C7B7-4117-8E11-3D8A3B081E15}
	EndGlobalSection
EndGlobal
